{
  "lockfileVersion": 2,
  "configVersion": 1,
  "workspaces": {
    "": {
      "name": "hyundai-ecommerce",
      "devDependencies": {
        "husky": "^9.1.7",
        "lint-staged": "^17.4.1",
        "prettier": "^3.9.6",
        "prettier-plugin-tailwindcss": "^0.8.1",
        "syncpack": "^15.3.3",
      },
    },
  },
  "packages": {
    "husky": ["husky@9.1.7", "", { "bin": { "husky": "bin.js" } }, "sha512-5gs5ytaNjBrh5Ow3zrvdUUY+0VxIuWVL4i9irt6friV+BqdCfmV11CQTWMiBYWHbXhco+J1kHfTOUkePhCDvMA=="],

    "lint-staged": ["lint-staged@17.4.1", "", { "dependencies": { "picomatch": "^4.0.7", "string-argv": "^0.3.2", "tinyexec": "^1.3.0" }, "optionalDependencies": { "yaml": "^2.9.0" }, "bin": { "lint-staged": "bin/lint-staged.js" } }, "sha512-FmJeudcalbSfg1du+JCfvi5vS6Qt08KgbfLWiHinbef+2JJwUZwAWVoaO1AcJVUTWPfk0t30PMQNwPAeCzYQ+Q=="],

    "picomatch": ["picomatch@4.0.7", "", {}, "sha512-qcJu88Q2IWqJsDD529JKMdwGm/dvInW4HvQnRwiH9JtihJvzGOscDtHE3x1pBKeUOTysQ8kVmLnJ2kJu7yhcGA=="],

    "prettier": ["prettier@3.9.6", "", { "bin": { "prettier": "bin/prettier.cjs" } }, "sha512-OpN0zzVdiaiAhxpuuj5efpIS4sY9j7bY6uR5mnj5yPzGkdkjNKSJeUThPb60Jw29QuAZgA4o+/iB49kFiaBX6g=="],

    "prettier-plugin-tailwindcss": ["prettier-plugin-tailwindcss@0.8.1", "", { "peerDependencies": { "@ianvs/prettier-plugin-sort-imports": "*", "@prettier/plugin-hermes": "*", "@prettier/plugin-oxc": "*", "@prettier/plugin-pug": "*", "@shopify/prettier-plugin-liquid": "*", "@trivago/prettier-plugin-sort-imports": "*", "@zackad/prettier-plugin-twig": "*", "prettier": "^3.0", "prettier-plugin-astro": "*", "prettier-plugin-css-order": "*", "prettier-plugin-jsdoc": "*", "prettier-plugin-marko": "*", "prettier-plugin-multiline-arrays": "*", "prettier-plugin-organize-attributes": "*", "prettier-plugin-organize-imports": "*", "prettier-plugin-sort-imports": "*", "prettier-plugin-svelte": "*" }, "optionalPeers": ["@ianvs/prettier-plugin-sort-imports", "@prettier/plugin-hermes", "@prettier/plugin-oxc", "@prettier/plugin-pug", "@shopify/prettier-plugin-liquid", "@trivago/prettier-plugin-sort-imports", "@zackad/prettier-plugin-twig", "prettier-plugin-astro", "prettier-plugin-css-order", "prettier-plugin-jsdoc", "prettier-plugin-marko", "prettier-plugin-multiline-arrays", "prettier-plugin-organize-attributes", "prettier-plugin-organize-imports", "prettier-plugin-sort-imports", "prettier-plugin-svelte"] }, "sha512-iaFMYqDsE4ffdDkn5qup0j5f2aCEBFZrdrZnvu9QKTlWx/iGPeQ4HHu7b7fCPMxeo9nwQBiOAh2nSypdFYWJkw=="],

    "string-argv": ["string-argv@0.3.2", "", {}, "sha512-aqD2Q0144Z+/RqG52NeHEkZauTAUWJO8c6yTftGJKO3Tja5tUgIfmIl6kExvhtxSDP7fXB6DvzkfMpCd/F3G+Q=="],

    "syncpack": ["syncpack@15.3.3", "", { "optionalDependencies": { "syncpack-darwin-arm64": "15.3.3", "syncpack-darwin-x64": "15.3.3", "syncpack-linux-arm64": "15.3.3", "syncpack-linux-arm64-musl": "15.3.3", "syncpack-linux-x64": "15.3.3", "syncpack-linux-x64-musl": "15.3.3", "syncpack-windows-arm64": "15.3.3", "syncpack-windows-x64": "15.3.3" }, "bin": { "syncpack": "index.cjs" } }, "sha512-MC99meBhgc/E5xbB5mFUS99wj4bquTbKLKHLXYh3qPbmPZl2HD8KA4ls29a9Xv67oZ03isCaJaqSl+JIfXIfpA=="],

    "syncpack-darwin-arm64": ["syncpack-darwin-arm64@15.3.3", "", { "os": "darwin", "cpu": "arm64" }, "sha512-sFnHOUT7ZYShxAXfzK8zIxNvY5ciW6c71fHYOJIgZ8Ry25IMWkaGfyLc894wxIPaYTbgEmeeZN6BV7G5Gu27mA=="],

    "syncpack-darwin-x64": ["syncpack-darwin-x64@15.3.3", "", { "os": "darwin", "cpu": "x64" }, "sha512-gtWysFMwG3W8ieF8+aLMy1qVkehdy40hc02LGEjckmejZxtjDbTKE9vDhBAaXcLbqIsvQ1ImEymHU5N2I4llWQ=="],

    "syncpack-linux-arm64": ["syncpack-linux-arm64@15.3.3", "", { "os": "linux", "cpu": "arm64" }, "sha512-6hlHPrG+V457fpKEURqshNLaFQENkC416IZ4ngFY+2uBjFsmlA7ax4p4EJlFsxuHiQbx/4Yo27pVXmNJEs/bZQ=="],

    "syncpack-linux-arm64-musl": ["syncpack-linux-arm64-musl@15.3.3", "", { "os": "linux", "cpu": "arm64" }, "sha512-mvj6TGhdwO5bHo1cM638esCx9+7ur0BA+RTdg+YiOD/CZJMP8iMj6ruF8htFNPEOKpAEOmfkOVKNs4yCbvkgyQ=="],

    "syncpack-linux-x64": ["syncpack-linux-x64@15.3.3", "", { "os": "linux", "cpu": "x64" }, "sha512-DcnZPKFGEFoktzIrufGGwk2ARTEhlvII6yQsETCaO/Z1xagOjJquxiDvagKnb4GQsQQCuih2ouzQZFCiKImrXA=="],

    "syncpack-linux-x64-musl": ["syncpack-linux-x64-musl@15.3.3", "", { "os": "linux", "cpu": "x64" }, "sha512-7KHIb9b9VCSyQq2GwoshVU9Pt/2qCqhOPusuwkXadI+p1qW7fK5FukjZbG0Y4VRa6mszrD2W28OxWAswwrn1lQ=="],

    "syncpack-windows-arm64": ["syncpack-windows-arm64@15.3.3", "", { "os": "win32", "cpu": "arm64" }, "sha512-6pPWh3+uTO7g1FF8ugC+UqektaNXphdmDXqG3rWepFdCS+DrWj/7Gfbtlx/zISTdx//T7zoZZ2fvW4fzN/6ztQ=="],

    "syncpack-windows-x64": ["syncpack-windows-x64@15.3.3", "", { "os": "win32", "cpu": "x64" }, "sha512-9CrrEzXE/MdWJuxyB7JvR1b6kiTNQPZh1dDJbWiRgtpNyCbEiddM1/viOsyaufftWDrQFV6RCGQzqCvWEas45g=="],

    "tinyexec": ["tinyexec@1.3.0", "", {}, "sha512-QKAl9m8gWWGHV8jZcPeym6j+XULi6tOf1mT83WYJ4Lk2ytW/uwAWkrP0uFsdoYMdueVJ0qs26wZ+23xeB4ibNQ=="],

    "yaml": ["yaml@2.9.0", "", { "bin": { "yaml": "bin.mjs" } }, "sha512-2AvhNX3mb8zd6Zy7INTtSpl1F15HW6Wnqj0srWlkKLcpYl/gMIMJiyuGq2KeI2YFxUPjdlB+3Lc10seMLtL4cA=="],
  }
}
